// !$*UTF8*$!
{
	archiveVersion = 1;
	classes = {
	};
	objectVersion = 56;
	objects = {

/* Begin PBXBuildFile section */
		AABD7C7A2C127E670048F795 /* TaskManagerApp.swift in Sources */ = {isa = PBXBuildFile; fileRef = AABD7C792C127E670048F795 /* TaskManagerApp.swift */; };
		AABD7C7C2C127E670048F795 /* ContentView.swift in Sources */ = {isa = PBXBuildFile; fileRef = AABD7C7B2C127E670048F795 /* ContentView.swift */; };
		AABD7C7E2C127E690048F795 /* Assets.xcassets in Resources */ = {isa = PBXBuildFile; fileRef = AABD7C7D2C127E690048F795 /* Assets.xcassets */; };
		AABD7C812C127E690048F795 /* Preview Assets.xcassets in Resources */ = {isa = PBXBuildFile; fileRef = AABD7C802C127E690048F795 /* Preview Assets.xcassets */; };
		AABD7C8C2C127E690048F795 /* TaskManagerTests.swift in Sources */ = {isa = PBXBuildFile; fileRef = AABD7C8B2C127E690048F795 /* TaskManagerTests.swift */; };
		AABD7C962C127E6A0048F795 /* TaskManagerUITests.swift in Sources */ = {isa = PBXBuildFile; fileRef = AABD7C952C127E6A0048F795 /* TaskManagerUITests.swift */; };
		AABD7C982C127E6A0048F795 /* TaskManagerUITestsLaunchTests.swift in Sources */ = {isa = PBXBuildFile; fileRef = AABD7C972C127E6A0048F795 /* TaskManagerUITestsLaunchTests.swift */; };
		AABD7CA62C127E8D0048F795 /* Task.swift in Sources */ = {isa = PBXBuildFile; fileRef = AABD7CA52C127E8D0048F795 /* Task.swift */; };
		AABD7CA82C1280170048F795 /* TaskList.swift in Sources */ = {isa = PBXBuildFile; fileRef = AABD7CA72C1280170048F795 /* TaskList.swift */; };
		AABD7CAA2C1283470048F795 /* TaskCategory.swift in Sources */ = {isa = PBXBuildFile; fileRef = AABD7CA92C1283470048F795 /* TaskCategory.swift */; };
		AABD7CAC2C1284CA0048F795 /* SidebarView.swift in Sources */ = {isa = PBXBuildFile; fileRef = AABD7CAB2C1284CA0048F795 /* SidebarView.swift */; };
		AABD7CAE2C1284D20048F795 /* StaticTaskListView.swift in Sources */ = {isa = PBXBuildFile; fileRef = AABD7CAD2C1284D20048F795 /* StaticTaskListView.swift */; };
		AAFF52B82C1FDA6F008A303A /* TaskListView.swift in Sources */ = {isa = PBXBuildFile; fileRef = AAFF52B72C1FDA6F008A303A /* TaskListView.swift */; };
		AAFF52BA2C1FDC6F008A303A /* TaskView.swift in Sources */ = {isa = PBXBuildFile; fileRef = AAFF52B92C1FDC6F008A303A /* TaskView.swift */; };
		AAFF52C22C206AAF008A303A /* TaskManager_iOSApp.swift in Sources */ = {isa = PBXBuildFile; fileRef = AAFF52C12C206AAF008A303A /* TaskManager_iOSApp.swift */; };
		AAFF52C42C206AAF008A303A /* ContentView.swift in Sources */ = {isa = PBXBuildFile; fileRef = AAFF52C32C206AAF008A303A /* ContentView.swift */; };
		AAFF52C62C206AAF008A303A /* Item.swift in Sources */ = {isa = PBXBuildFile; fileRef = AAFF52C52C206AAF008A303A /* Item.swift */; };
		AAFF52C82C206AB1008A303A /* Assets.xcassets in Resources */ = {isa = PBXBuildFile; fileRef = AAFF52C72C206AB1008A303A /* Assets.xcassets */; };
		AAFF52CB2C206AB1008A303A /* Preview Assets.xcassets in Resources */ = {isa = PBXBuildFile; fileRef = AAFF52CA2C206AB1008A303A /* Preview Assets.xcassets */; };
		AAFF52D52C206AB1008A303A /* TaskManager_iOSTests.swift in Sources */ = {isa = PBXBuildFile; fileRef = AAFF52D42C206AB1008A303A /* TaskManager_iOSTests.swift */; };
		AAFF52DF2C206AB1008A303A /* TaskManager_iOSUITests.swift in Sources */ = {isa = PBXBuildFile; fileRef = AAFF52DE2C206AB1008A303A /* TaskManager_iOSUITests.swift */; };
		AAFF52E12C206AB1008A303A /* TaskManager_iOSUITestsLaunchTests.swift in Sources */ = {isa = PBXBuildFile; fileRef = AAFF52E02C206AB1008A303A /* TaskManager_iOSUITestsLaunchTests.swift */; };
		AAFF52EB2C206AD6008A303A /* Task.swift in Sources */ = {isa = PBXBuildFile; fileRef = AABD7CA52C127E8D0048F795 /* Task.swift */; };
/* End PBXBuildFile section */

/* Begin PBXContainerItemProxy section */
		AABD7C882C127E690048F795 /* PBXContainerItemProxy */ = {
			isa = PBXContainerItemProxy;
			containerPortal = AABD7C6E2C127E670048F795 /* Project object */;
			proxyType = 1;
			remoteGlobalIDString = AABD7C752C127E670048F795;
			remoteInfo = TaskManager;
		};
		AABD7C922C127E6A0048F795 /* PBXContainerItemProxy */ = {
			isa = PBXContainerItemProxy;
			containerPortal = AABD7C6E2C127E670048F795 /* Project object */;
			proxyType = 1;
			remoteGlobalIDString = AABD7C752C127E670048F795;
			remoteInfo = TaskManager;
		};
		AAFF52D12C206AB1008A303A /* PBXContainerItemProxy */ = {
			isa = PBXContainerItemProxy;
			containerPortal = AABD7C6E2C127E670048F795 /* Project object */;
			proxyType = 1;
			remoteGlobalIDString = AAFF52BE2C206AAF008A303A;
			remoteInfo = "TaskManager-iOS";
		};
		AAFF52DB2C206AB1008A303A /* PBXContainerItemProxy */ = {
			isa = PBXContainerItemProxy;
			containerPortal = AABD7C6E2C127E670048F795 /* Project object */;
			proxyType = 1;
			remoteGlobalIDString = AAFF52BE2C206AAF008A303A;
			remoteInfo = "TaskManager-iOS";
		};
/* End PBXContainerItemProxy section */

/* Begin PBXFileReference section */
		AABD7C762C127E670048F795 /* TaskManager.app */ = {isa = PBXFileReference; explicitFileType = wrapper.application; includeInIndex = 0; path = TaskManager.app; sourceTree = BUILT_PRODUCTS_DIR; };
		AABD7C792C127E670048F795 /* TaskManagerApp.swift */ = {isa = PBXFileReference; lastKnownFileType = sourcecode.swift; path = TaskManagerApp.swift; sourceTree = "<group>"; };
		AABD7C7B2C127E670048F795 /* ContentView.swift */ = {isa = PBXFileReference; lastKnownFileType = sourcecode.swift; path = ContentView.swift; sourceTree = "<group>"; };
		AABD7C7D2C127E690048F795 /* Assets.xcassets */ = {isa = PBXFileReference; lastKnownFileType = folder.assetcatalog; path = Assets.xcassets; sourceTree = "<group>"; };
		AABD7C802C127E690048F795 /* Preview Assets.xcassets */ = {isa = PBXFileReference; lastKnownFileType = folder.assetcatalog; path = "Preview Assets.xcassets"; sourceTree = "<group>"; };
		AABD7C822C127E690048F795 /* TaskManager.entitlements */ = {isa = PBXFileReference; lastKnownFileType = text.plist.entitlements; path = TaskManager.entitlements; sourceTree = "<group>"; };
		AABD7C872C127E690048F795 /* TaskManagerTests.xctest */ = {isa = PBXFileReference; explicitFileType = wrapper.cfbundle; includeInIndex = 0; path = TaskManagerTests.xctest; sourceTree = BUILT_PRODUCTS_DIR; };
		AABD7C8B2C127E690048F795 /* TaskManagerTests.swift */ = {isa = PBXFileReference; lastKnownFileType = sourcecode.swift; path = TaskManagerTests.swift; sourceTree = "<group>"; };
		AABD7C912C127E6A0048F795 /* TaskManagerUITests.xctest */ = {isa = PBXFileReference; explicitFileType = wrapper.cfbundle; includeInIndex = 0; path = TaskManagerUITests.xctest; sourceTree = BUILT_PRODUCTS_DIR; };
		AABD7C952C127E6A0048F795 /* TaskManagerUITests.swift */ = {isa = PBXFileReference; lastKnownFileType = sourcecode.swift; path = TaskManagerUITests.swift; sourceTree = "<group>"; };
		AABD7C972C127E6A0048F795 /* TaskManagerUITestsLaunchTests.swift */ = {isa = PBXFileReference; lastKnownFileType = sourcecode.swift; path = TaskManagerUITestsLaunchTests.swift; sourceTree = "<group>"; };
		AABD7CA52C127E8D0048F795 /* Task.swift */ = {isa = PBXFileReference; lastKnownFileType = sourcecode.swift; path = Task.swift; sourceTree = "<group>"; };
		AABD7CA72C1280170048F795 /* TaskList.swift */ = {isa = PBXFileReference; lastKnownFileType = sourcecode.swift; path = TaskList.swift; sourceTree = "<group>"; };
		AABD7CA92C1283470048F795 /* TaskCategory.swift */ = {isa = PBXFileReference; lastKnownFileType = sourcecode.swift; path = TaskCategory.swift; sourceTree = "<group>"; };
		AABD7CAB2C1284CA0048F795 /* SidebarView.swift */ = {isa = PBXFileReference; lastKnownFileType = sourcecode.swift; path = SidebarView.swift; sourceTree = "<group>"; };
		AABD7CAD2C1284D20048F795 /* StaticTaskListView.swift */ = {isa = PBXFileReference; lastKnownFileType = sourcecode.swift; path = StaticTaskListView.swift; sourceTree = "<group>"; };
		AAFF52B72C1FDA6F008A303A /* TaskListView.swift */ = {isa = PBXFileReference; lastKnownFileType = sourcecode.swift; path = TaskListView.swift; sourceTree = "<group>"; };
		AAFF52B92C1FDC6F008A303A /* TaskView.swift */ = {isa = PBXFileReference; lastKnownFileType = sourcecode.swift; path = TaskView.swift; sourceTree = "<group>"; };
		AAFF52BF2C206AAF008A303A /* TaskManager-iOS.app */ = {isa = PBXFileReference; explicitFileType = wrapper.application; includeInIndex = 0; path = "TaskManager-iOS.app"; sourceTree = BUILT_PRODUCTS_DIR; };
		AAFF52C12C206AAF008A303A /* TaskManager_iOSApp.swift */ = {isa = PBXFileReference; lastKnownFileType = sourcecode.swift; path = TaskManager_iOSApp.swift; sourceTree = "<group>"; };
		AAFF52C32C206AAF008A303A /* ContentView.swift */ = {isa = PBXFileReference; lastKnownFileType = sourcecode.swift; path = ContentView.swift; sourceTree = "<group>"; };
		AAFF52C52C206AAF008A303A /* Item.swift */ = {isa = PBXFileReference; lastKnownFileType = sourcecode.swift; path = Item.swift; sourceTree = "<group>"; };
		AAFF52C72C206AB1008A303A /* Assets.xcassets */ = {isa = PBXFileReference; lastKnownFileType = folder.assetcatalog; path = Assets.xcassets; sourceTree = "<group>"; };
		AAFF52CA2C206AB1008A303A /* Preview Assets.xcassets */ = {isa = PBXFileReference; lastKnownFileType = folder.assetcatalog; path = "Preview Assets.xcassets"; sourceTree = "<group>"; };
		AAFF52D02C206AB1008A303A /* TaskManager-iOSTests.xctest */ = {isa = PBXFileReference; explicitFileType = wrapper.cfbundle; includeInIndex = 0; path = "TaskManager-iOSTests.xctest"; sourceTree = BUILT_PRODUCTS_DIR; };
		AAFF52D42C206AB1008A303A /* TaskManager_iOSTests.swift */ = {isa = PBXFileReference; lastKnownFileType = sourcecode.swift; path = TaskManager_iOSTests.swift; sourceTree = "<group>"; };
		AAFF52DA2C206AB1008A303A /* TaskManager-iOSUITests.xctest */ = {isa = PBXFileReference; explicitFileType = wrapper.cfbundle; includeInIndex = 0; path = "TaskManager-iOSUITests.xctest"; sourceTree = BUILT_PRODUCTS_DIR; };
		AAFF52DE2C206AB1008A303A /* TaskManager_iOSUITests.swift */ = {isa = PBXFileReference; lastKnownFileType = sourcecode.swift; path = TaskManager_iOSUITests.swift; sourceTree = "<group>"; };
		AAFF52E02C206AB1008A303A /* TaskManager_iOSUITestsLaunchTests.swift */ = {isa = PBXFileReference; lastKnownFileType = sourcecode.swift; path = TaskManager_iOSUITestsLaunchTests.swift; sourceTree = "<group>"; };
/* End PBXFileReference section */

/* Begin PBXFrameworksBuildPhase section */
		AABD7C732C127E670048F795 /* Frameworks */ = {
			isa = PBXFrameworksBuildPhase;
			buildActionMask = 2147483647;
			files = (
			);
			runOnlyForDeploymentPostprocessing = 0;
		};
		AABD7C842C127E690048F795 /* Frameworks */ = {
			isa = PBXFrameworksBuildPhase;
			buildActionMask = 2147483647;
			files = (
			);
			runOnlyForDeploymentPostprocessing = 0;
		};
		AABD7C8E2C127E6A0048F795 /* Frameworks */ = {
			isa = PBXFrameworksBuildPhase;
			buildActionMask = 2147483647;
			files = (
			);
			runOnlyForDeploymentPostprocessing = 0;
		};
		AAFF52BC2C206AAF008A303A /* Frameworks */ = {
			isa = PBXFrameworksBuildPhase;
			buildActionMask = 2147483647;
			files = (
			);
			runOnlyForDeploymentPostprocessing = 0;
		};
		AAFF52CD2C206AB1008A303A /* Frameworks */ = {
			isa = PBXFrameworksBuildPhase;
			buildActionMask = 2147483647;
			files = (
			);
			runOnlyForDeploymentPostprocessing = 0;
		};
		AAFF52D72C206AB1008A303A /* Frameworks */ = {
			isa = PBXFrameworksBuildPhase;
			buildActionMask = 2147483647;
			files = (
			);
			runOnlyForDeploymentPostprocessing = 0;
		};
/* End PBXFrameworksBuildPhase section */

/* Begin PBXGroup section */
		AABD7C6D2C127E670048F795 = {
			isa = PBXGroup;
			children = (
				AABD7C782C127E670048F795 /* TaskManager */,
				AABD7C8A2C127E690048F795 /* TaskManagerTests */,
				AABD7C942C127E6A0048F795 /* TaskManagerUITests */,
				AAFF52C02C206AAF008A303A /* TaskManager-iOS */,
				AAFF52D32C206AB1008A303A /* TaskManager-iOSTests */,
				AAFF52DD2C206AB1008A303A /* TaskManager-iOSUITests */,
				AABD7C772C127E670048F795 /* Products */,
			);
			sourceTree = "<group>";
		};
		AABD7C772C127E670048F795 /* Products */ = {
			isa = PBXGroup;
			children = (
				AABD7C762C127E670048F795 /* TaskManager.app */,
				AABD7C872C127E690048F795 /* TaskManagerTests.xctest */,
				AABD7C912C127E6A0048F795 /* TaskManagerUITests.xctest */,
				AAFF52BF2C206AAF008A303A /* TaskManager-iOS.app */,
				AAFF52D02C206AB1008A303A /* TaskManager-iOSTests.xctest */,
				AAFF52DA2C206AB1008A303A /* TaskManager-iOSUITests.xctest */,
			);
			name = Products;
			sourceTree = "<group>";
		};
		AABD7C782C127E670048F795 /* TaskManager */ = {
			isa = PBXGroup;
			children = (
				AABD7CA42C127E830048F795 /* Model */,
				AABD7C792C127E670048F795 /* TaskManagerApp.swift */,
				AABD7C7B2C127E670048F795 /* ContentView.swift */,
				AABD7CAB2C1284CA0048F795 /* SidebarView.swift */,
				AABD7CAD2C1284D20048F795 /* StaticTaskListView.swift */,
				AAFF52B72C1FDA6F008A303A /* TaskListView.swift */,
				AAFF52B92C1FDC6F008A303A /* TaskView.swift */,
				AABD7C7D2C127E690048F795 /* Assets.xcassets */,
				AABD7C822C127E690048F795 /* TaskManager.entitlements */,
				AABD7C7F2C127E690048F795 /* Preview Content */,
			);
			path = TaskManager;
			sourceTree = "<group>";
		};
		AABD7C7F2C127E690048F795 /* Preview Content */ = {
			isa = PBXGroup;
			children = (
				AABD7C802C127E690048F795 /* Preview Assets.xcassets */,
			);
			path = "Preview Content";
			sourceTree = "<group>";
		};
		AABD7C8A2C127E690048F795 /* TaskManagerTests */ = {
			isa = PBXGroup;
			children = (
				AABD7C8B2C127E690048F795 /* TaskManagerTests.swift */,
			);
			path = TaskManagerTests;
			sourceTree = "<group>";
		};
		AABD7C942C127E6A0048F795 /* TaskManagerUITests */ = {
			isa = PBXGroup;
			children = (
				AABD7C952C127E6A0048F795 /* TaskManagerUITests.swift */,
				AABD7C972C127E6A0048F795 /* TaskManagerUITestsLaunchTests.swift */,
			);
			path = TaskManagerUITests;
			sourceTree = "<group>";
		};
		AABD7CA42C127E830048F795 /* Model */ = {
			isa = PBXGroup;
			children = (
				AABD7CA52C127E8D0048F795 /* Task.swift */,
				AABD7CA72C1280170048F795 /* TaskList.swift */,
				AABD7CA92C1283470048F795 /* TaskCategory.swift */,
			);
			path = Model;
			sourceTree = "<group>";
		};
		AAFF52C02C206AAF008A303A /* TaskManager-iOS */ = {
			isa = PBXGroup;
			children = (
				AAFF52C12C206AAF008A303A /* TaskManager_iOSApp.swift */,
				AAFF52C32C206AAF008A303A /* ContentView.swift */,
				AAFF52C52C206AAF008A303A /* Item.swift */,
				AAFF52C72C206AB1008A303A /* Assets.xcassets */,
				AAFF52C92C206AB1008A303A /* Preview Content */,
			);
			path = "TaskManager-iOS";
			sourceTree = "<group>";
		};
		AAFF52C92C206AB1008A303A /* Preview Content */ = {
			isa = PBXGroup;
			children = (
				AAFF52CA2C206AB1008A303A /* Preview Assets.xcassets */,
			);
			path = "Preview Content";
			sourceTree = "<group>";
		};
		AAFF52D32C206AB1008A303A /* TaskManager-iOSTests */ = {
			isa = PBXGroup;
			children = (
				AAFF52D42C206AB1008A303A /* TaskManager_iOSTests.swift */,
			);
			path = "TaskManager-iOSTests";
			sourceTree = "<group>";
		};
		AAFF52DD2C206AB1008A303A /* TaskManager-iOSUITests */ = {
			isa = PBXGroup;
			children = (
				AAFF52DE2C206AB1008A303A /* TaskManager_iOSUITests.swift */,
				AAFF52E02C206AB1008A303A /* TaskManager_iOSUITestsLaunchTests.swift */,
			);
			path = "TaskManager-iOSUITests";
			sourceTree = "<group>";
		};
/* End PBXGroup section */

/* Begin PBXNativeTarget section */
		AABD7C752C127E670048F795 /* TaskManager */ = {
			isa = PBXNativeTarget;
			buildConfigurationList = AABD7C9B2C127E6A0048F795 /* Build configuration list for PBXNativeTarget "TaskManager" */;
			buildPhases = (
				AABD7C722C127E670048F795 /* Sources */,
				AABD7C732C127E670048F795 /* Frameworks */,
				AABD7C742C127E670048F795 /* Resources */,
			);
			buildRules = (
			);
			dependencies = (
			);
			name = TaskManager;
			productName = TaskManager;
			productReference = AABD7C762C127E670048F795 /* TaskManager.app */;
			productType = "com.apple.product-type.application";
		};
		AABD7C862C127E690048F795 /* TaskManagerTests */ = {
			isa = PBXNativeTarget;
			buildConfigurationList = AABD7C9E2C127E6A0048F795 /* Build configuration list for PBXNativeTarget "TaskManagerTests" */;
			buildPhases = (
				AABD7C832C127E690048F795 /* Sources */,
				AABD7C842C127E690048F795 /* Frameworks */,
				AABD7C852C127E690048F795 /* Resources */,
			);
			buildRules = (
			);
			dependencies = (
				AABD7C892C127E690048F795 /* PBXTargetDependency */,
			);
			name = TaskManagerTests;
			productName = TaskManagerTests;
			productReference = AABD7C872C127E690048F795 /* TaskManagerTests.xctest */;
			productType = "com.apple.product-type.bundle.unit-test";
		};
		AABD7C902C127E6A0048F795 /* TaskManagerUITests */ = {
			isa = PBXNativeTarget;
			buildConfigurationList = AABD7CA12C127E6A0048F795 /* Build configuration list for PBXNativeTarget "TaskManagerUITests" */;
			buildPhases = (
				AABD7C8D2C127E6A0048F795 /* Sources */,
				AABD7C8E2C127E6A0048F795 /* Frameworks */,
				AABD7C8F2C127E6A0048F795 /* Resources */,
			);
			buildRules = (
			);
			dependencies = (
				AABD7C932C127E6A0048F795 /* PBXTargetDependency */,
			);
			name = TaskManagerUITests;
			productName = TaskManagerUITests;
			productReference = AABD7C912C127E6A0048F795 /* TaskManagerUITests.xctest */;
			productType = "com.apple.product-type.bundle.ui-testing";
		};
		AAFF52BE2C206AAF008A303A /* TaskManager-iOS */ = {
			isa = PBXNativeTarget;
			buildConfigurationList = AAFF52E22C206AB1008A303A /* Build configuration list for PBXNativeTarget "TaskManager-iOS" */;
			buildPhases = (
				AAFF52BB2C206AAF008A303A /* Sources */,
				AAFF52BC2C206AAF008A303A /* Frameworks */,
				AAFF52BD2C206AAF008A303A /* Resources */,
			);
			buildRules = (
			);
			dependencies = (
			);
			name = "TaskManager-iOS";
			productName = "TaskManager-iOS";
			productReference = AAFF52BF2C206AAF008A303A /* TaskManager-iOS.app */;
			productType = "com.apple.product-type.application";
		};
		AAFF52CF2C206AB1008A303A /* TaskManager-iOSTests */ = {
			isa = PBXNativeTarget;
			buildConfigurationList = AAFF52E52C206AB1008A303A /* Build configuration list for PBXNativeTarget "TaskManager-iOSTests" */;
			buildPhases = (
				AAFF52CC2C206AB1008A303A /* Sources */,
				AAFF52CD2C206AB1008A303A /* Frameworks */,
				AAFF52CE2C206AB1008A303A /* Resources */,
			);
			buildRules = (
			);
			dependencies = (
				AAFF52D22C206AB1008A303A /* PBXTargetDependency */,
			);
			name = "TaskManager-iOSTests";
			productName = "TaskManager-iOSTests";
			productReference = AAFF52D02C206AB1008A303A /* TaskManager-iOSTests.xctest */;
			productType = "com.apple.product-type.bundle.unit-test";
		};
		AAFF52D92C206AB1008A303A /* TaskManager-iOSUITests */ = {
			isa = PBXNativeTarget;
			buildConfigurationList = AAFF52E82C206AB1008A303A /* Build configuration list for PBXNativeTarget "TaskManager-iOSUITests" */;
			buildPhases = (
				AAFF52D62C206AB1008A303A /* Sources */,
				AAFF52D72C206AB1008A303A /* Frameworks */,
				AAFF52D82C206AB1008A303A /* Resources */,
			);
			buildRules = (
			);
			dependencies = (
				AAFF52DC2C206AB1008A303A /* PBXTargetDependency */,
			);
			name = "TaskManager-iOSUITests";
			productName = "TaskManager-iOSUITests";
			productReference = AAFF52DA2C206AB1008A303A /* TaskManager-iOSUITests.xctest */;
			productType = "com.apple.product-type.bundle.ui-testing";
		};
/* End PBXNativeTarget section */

/* Begin PBXProject section */
		AABD7C6E2C127E670048F795 /* Project object */ = {
			isa = PBXProject;
			attributes = {
				BuildIndependentTargetsInParallel = 1;
				LastSwiftUpdateCheck = 1540;
				LastUpgradeCheck = 1540;
				TargetAttributes = {
					AABD7C752C127E670048F795 = {
						CreatedOnToolsVersion = 15.4;
					};
					AABD7C862C127E690048F795 = {
						CreatedOnToolsVersion = 15.4;
						TestTargetID = AABD7C752C127E670048F795;
					};
					AABD7C902C127E6A0048F795 = {
						CreatedOnToolsVersion = 15.4;
						TestTargetID = AABD7C752C127E670048F795;
					};
					AAFF52BE2C206AAF008A303A = {
						CreatedOnToolsVersion = 15.4;
					};
					AAFF52CF2C206AB1008A303A = {
						CreatedOnToolsVersion = 15.4;
						TestTargetID = AAFF52BE2C206AAF008A303A;
					};
					AAFF52D92C206AB1008A303A = {
						CreatedOnToolsVersion = 15.4;
						TestTargetID = AAFF52BE2C206AAF008A303A;
					};
				};
			};
			buildConfigurationList = AABD7C712C127E670048F795 /* Build configuration list for PBXProject "TaskManager" */;
			compatibilityVersion = "Xcode 14.0";
			developmentRegion = en;
			hasScannedForEncodings = 0;
			knownRegions = (
				en,
				Base,
			);
			mainGroup = AABD7C6D2C127E670048F795;
			productRefGroup = AABD7C772C127E670048F795 /* Products */;
			projectDirPath = "";
			projectRoot = "";
			targets = (
				AABD7C752C127E670048F795 /* TaskManager */,
				AABD7C862C127E690048F795 /* TaskManagerTests */,
				AABD7C902C127E6A0048F795 /* TaskManagerUITests */,
				AAFF52BE2C206AAF008A303A /* TaskManager-iOS */,
				AAFF52CF2C206AB1008A303A /* TaskManager-iOSTests */,
				AAFF52D92C206AB1008A303A /* TaskManager-iOSUITests */,
			);
		};
/* End PBXProject section */

/* Begin PBXResourcesBuildPhase section */
		AABD7C742C127E670048F795 /* Resources */ = {
			isa = PBXResourcesBuildPhase;
			buildActionMask = 2147483647;
			files = (
				AABD7C812C127E690048F795 /* Preview Assets.xcassets in Resources */,
				AABD7C7E2C127E690048F795 /* Assets.xcassets in Resources */,
			);
			runOnlyForDeploymentPostprocessing = 0;
		};
		AABD7C852C127E690048F795 /* Resources */ = {
			isa = PBXResourcesBuildPhase;
			buildActionMask = 2147483647;
			files = (
			);
			runOnlyForDeploymentPostprocessing = 0;
		};
		AABD7C8F2C127E6A0048F795 /* Resources */ = {
			isa = PBXResourcesBuildPhase;
			buildActionMask = 2147483647;
			files = (
			);
			runOnlyForDeploymentPostprocessing = 0;
		};
		AAFF52BD2C206AAF008A303A /* Resources */ = {
			isa = PBXResourcesBuildPhase;
			buildActionMask = 2147483647;
			files = (
				AAFF52CB2C206AB1008A303A /* Preview Assets.xcassets in Resources */,
				AAFF52C82C206AB1008A303A /* Assets.xcassets in Resources */,
			);
			runOnlyForDeploymentPostprocessing = 0;
		};
		AAFF52CE2C206AB1008A303A /* Resources */ = {
			isa = PBXResourcesBuildPhase;
			buildActionMask = 2147483647;
			files = (
			);
			runOnlyForDeploymentPostprocessing = 0;
		};
		AAFF52D82C206AB1008A303A /* Resources */ = {
			isa = PBXResourcesBuildPhase;
			buildActionMask = 2147483647;
			files = (
			);
			runOnlyForDeploymentPostprocessing = 0;
		};
/* End PBXResourcesBuildPhase section */

/* Begin PBXSourcesBuildPhase section */
		AABD7C722C127E670048F795 /* Sources */ = {
			isa = PBXSourcesBuildPhase;
			buildActionMask = 2147483647;
			files = (
				AAFF52BA2C1FDC6F008A303A /* TaskView.swift in Sources */,
				AABD7CAE2C1284D20048F795 /* StaticTaskListView.swift in Sources */,
				AABD7C7C2C127E670048F795 /* ContentView.swift in Sources */,
				AABD7CA62C127E8D0048F795 /* Task.swift in Sources */,
				AABD7CAA2C1283470048F795 /* TaskCategory.swift in Sources */,
				AABD7CA82C1280170048F795 /* TaskList.swift in Sources */,
				AABD7C7A2C127E670048F795 /* TaskManagerApp.swift in Sources */,
				AABD7CAC2C1284CA0048F795 /* SidebarView.swift in Sources */,
				AAFF52B82C1FDA6F008A303A /* TaskListView.swift in Sources */,
			);
			runOnlyForDeploymentPostprocessing = 0;
		};
		AABD7C832C127E690048F795 /* Sources */ = {
			isa = PBXSourcesBuildPhase;
			buildActionMask = 2147483647;
			files = (
				AABD7C8C2C127E690048F795 /* TaskManagerTests.swift in Sources */,
			);
			runOnlyForDeploymentPostprocessing = 0;
		};
		AABD7C8D2C127E6A0048F795 /* Sources */ = {
			isa = PBXSourcesBuildPhase;
			buildActionMask = 2147483647;
			files = (
				AABD7C962C127E6A0048F795 /* TaskManagerUITests.swift in Sources */,
				AABD7C982C127E6A0048F795 /* TaskManagerUITestsLaunchTests.swift in Sources */,
			);
			runOnlyForDeploymentPostprocessing = 0;
		};
		AAFF52BB2C206AAF008A303A /* Sources */ = {
			isa = PBXSourcesBuildPhase;
			buildActionMask = 2147483647;
			files = (
				AAFF52EB2C206AD6008A303A /* Task.swift in Sources */,
				AAFF52C42C206AAF008A303A /* ContentView.swift in Sources */,
				AAFF52C62C206AAF008A303A /* Item.swift in Sources */,
				AAFF52C22C206AAF008A303A /* TaskManager_iOSApp.swift in Sources */,
			);
			runOnlyForDeploymentPostprocessing = 0;
		};
		AAFF52CC2C206AB1008A303A /* Sources */ = {
			isa = PBXSourcesBuildPhase;
			buildActionMask = 2147483647;
			files = (
				AAFF52D52C206AB1008A303A /* TaskManager_iOSTests.swift in Sources */,
			);
			runOnlyForDeploymentPostprocessing = 0;
		};
		AAFF52D62C206AB1008A303A /* Sources */ = {
			isa = PBXSourcesBuildPhase;
			buildActionMask = 2147483647;
			files = (
				AAFF52DF2C206AB1008A303A /* TaskManager_iOSUITests.swift in Sources */,
				AAFF52E12C206AB1008A303A /* TaskManager_iOSUITestsLaunchTests.swift in Sources */,
			);
			runOnlyForDeploymentPostprocessing = 0;
		};
/* End PBXSourcesBuildPhase section */

/* Begin PBXTargetDependency section */
		AABD7C892C127E690048F795 /* PBXTargetDependency */ = {
			isa = PBXTargetDependency;
			target = AABD7C752C127E670048F795 /* TaskManager */;
			targetProxy = AABD7C882C127E690048F795 /* PBXContainerItemProxy */;
		};
		AABD7C932C127E6A0048F795 /* PBXTargetDependency */ = {
			isa = PBXTargetDependency;
			target = AABD7C752C127E670048F795 /* TaskManager */;
			targetProxy = AABD7C922C127E6A0048F795 /* PBXContainerItemProxy */;
		};
		AAFF52D22C206AB1008A303A /* PBXTargetDependency */ = {
			isa = PBXTargetDependency;
			target = AAFF52BE2C206AAF008A303A /* TaskManager-iOS */;
			targetProxy = AAFF52D12C206AB1008A303A /* PBXContainerItemProxy */;
		};
		AAFF52DC2C206AB1008A303A /* PBXTargetDependency */ = {
			isa = PBXTargetDependency;
			target = AAFF52BE2C206AAF008A303A /* TaskManager-iOS */;
			targetProxy = AAFF52DB2C206AB1008A303A /* PBXContainerItemProxy */;
		};
/* End PBXTargetDependency section */

/* Begin XCBuildConfiguration section */
		AABD7C992C127E6A0048F795 /* Debug */ = {
			isa = XCBuildConfiguration;
			buildSettings = {
				ALWAYS_SEARCH_USER_PATHS = NO;
				ASSETCATALOG_COMPILER_GENERATE_SWIFT_ASSET_SYMBOL_EXTENSIONS = YES;
				CLANG_ANALYZER_NONNULL = YES;
				CLANG_ANALYZER_NUMBER_OBJECT_CONVERSION = YES_AGGRESSIVE;
				CLANG_CXX_LANGUAGE_STANDARD = "gnu++20";
				CLANG_ENABLE_MODULES = YES;
				CLANG_ENABLE_OBJC_ARC = YES;
				CLANG_ENABLE_OBJC_WEAK = YES;
				CLANG_WARN_BLOCK_CAPTURE_AUTORELEASING = YES;
				CLANG_WARN_BOOL_CONVERSION = YES;
				CLANG_WARN_COMMA = YES;
				CLANG_WARN_CONSTANT_CONVERSION = YES;
				CLANG_WARN_DEPRECATED_OBJC_IMPLEMENTATIONS = YES;
				CLANG_WARN_DIRECT_OBJC_ISA_USAGE = YES_ERROR;
				CLANG_WARN_DOCUMENTATION_COMMENTS = YES;
				CLANG_WARN_EMPTY_BODY = YES;
				CLANG_WARN_ENUM_CONVERSION = YES;
				CLANG_WARN_INFINITE_RECURSION = YES;
				CLANG_WARN_INT_CONVERSION = YES;
				CLANG_WARN_NON_LITERAL_NULL_CONVERSION = YES;
				CLANG_WARN_OBJC_IMPLICIT_RETAIN_SELF = YES;
				CLANG_WARN_OBJC_LITERAL_CONVERSION = YES;
				CLANG_WARN_OBJC_ROOT_CLASS = YES_ERROR;
				CLANG_WARN_QUOTED_INCLUDE_IN_FRAMEWORK_HEADER = YES;
				CLANG_WARN_RANGE_LOOP_ANALYSIS = YES;
				CLANG_WARN_STRICT_PROTOTYPES = YES;
				CLANG_WARN_SUSPICIOUS_MOVE = YES;
				CLANG_WARN_UNGUARDED_AVAILABILITY = YES_AGGRESSIVE;
				CLANG_WARN_UNREACHABLE_CODE = YES;
				CLANG_WARN__DUPLICATE_METHOD_MATCH = YES;
				COPY_PHASE_STRIP = NO;
				DEBUG_INFORMATION_FORMAT = dwarf;
				ENABLE_STRICT_OBJC_MSGSEND = YES;
				ENABLE_TESTABILITY = YES;
				ENABLE_USER_SCRIPT_SANDBOXING = YES;
				GCC_C_LANGUAGE_STANDARD = gnu17;
				GCC_DYNAMIC_NO_PIC = NO;
				GCC_NO_COMMON_BLOCKS = YES;
				GCC_OPTIMIZATION_LEVEL = 0;
				GCC_PREPROCESSOR_DEFINITIONS = (
					"DEBUG=1",
					"$(inherited)",
				);
				GCC_WARN_64_TO_32_BIT_CONVERSION = YES;
				GCC_WARN_ABOUT_RETURN_TYPE = YES_ERROR;
				GCC_WARN_UNDECLARED_SELECTOR = YES;
				GCC_WARN_UNINITIALIZED_AUTOS = YES_AGGRESSIVE;
				GCC_WARN_UNUSED_FUNCTION = YES;
				GCC_WARN_UNUSED_VARIABLE = YES;
				LOCALIZATION_PREFERS_STRING_CATALOGS = YES;
				MACOSX_DEPLOYMENT_TARGET = 14.5;
				MTL_ENABLE_DEBUG_INFO = INCLUDE_SOURCE;
				MTL_FAST_MATH = YES;
				ONLY_ACTIVE_ARCH = YES;
				SDKROOT = macosx;
				SWIFT_ACTIVE_COMPILATION_CONDITIONS = "DEBUG $(inherited)";
				SWIFT_OPTIMIZATION_LEVEL = "-Onone";
			};
			name = Debug;
		};
		AABD7C9A2C127E6A0048F795 /* Release */ = {
			isa = XCBuildConfiguration;
			buildSettings = {
				ALWAYS_SEARCH_USER_PATHS = NO;
				ASSETCATALOG_COMPILER_GENERATE_SWIFT_ASSET_SYMBOL_EXTENSIONS = YES;
				CLANG_ANALYZER_NONNULL = YES;
				CLANG_ANALYZER_NUMBER_OBJECT_CONVERSION = YES_AGGRESSIVE;
				CLANG_CXX_LANGUAGE_STANDARD = "gnu++20";
				CLANG_ENABLE_MODULES = YES;
				CLANG_ENABLE_OBJC_ARC = YES;
				CLANG_ENABLE_OBJC_WEAK = YES;
				CLANG_WARN_BLOCK_CAPTURE_AUTORELEASING = YES;
				CLANG_WARN_BOOL_CONVERSION = YES;
				CLANG_WARN_COMMA = YES;
				CLANG_WARN_CONSTANT_CONVERSION = YES;
				CLANG_WARN_DEPRECATED_OBJC_IMPLEMENTATIONS = YES;
				CLANG_WARN_DIRECT_OBJC_ISA_USAGE = YES_ERROR;
				CLANG_WARN_DOCUMENTATION_COMMENTS = YES;
				CLANG_WARN_EMPTY_BODY = YES;
				CLANG_WARN_ENUM_CONVERSION = YES;
				CLANG_WARN_INFINITE_RECURSION = YES;
				CLANG_WARN_INT_CONVERSION = YES;
				CLANG_WARN_NON_LITERAL_NULL_CONVERSION = YES;
				CLANG_WARN_OBJC_IMPLICIT_RETAIN_SELF = YES;
				CLANG_WARN_OBJC_LITERAL_CONVERSION = YES;
				CLANG_WARN_OBJC_ROOT_CLASS = YES_ERROR;
				CLANG_WARN_QUOTED_INCLUDE_IN_FRAMEWORK_HEADER = YES;
				CLANG_WARN_RANGE_LOOP_ANALYSIS = YES;
				CLANG_WARN_STRICT_PROTOTYPES = YES;
				CLANG_WARN_SUSPICIOUS_MOVE = YES;
				CLANG_WARN_UNGUARDED_AVAILABILITY = YES_AGGRESSIVE;
				CLANG_WARN_UNREACHABLE_CODE = YES;
				CLANG_WARN__DUPLICATE_METHOD_MATCH = YES;
				COPY_PHASE_STRIP = NO;
				DEBUG_INFORMATION_FORMAT = "dwarf-with-dsym";
				ENABLE_NS_ASSERTIONS = NO;
				ENABLE_STRICT_OBJC_MSGSEND = YES;
				ENABLE_USER_SCRIPT_SANDBOXING = YES;
				GCC_C_LANGUAGE_STANDARD = gnu17;
				GCC_NO_COMMON_BLOCKS = YES;
				GCC_WARN_64_TO_32_BIT_CONVERSION = YES;
				GCC_WARN_ABOUT_RETURN_TYPE = YES_ERROR;
				GCC_WARN_UNDECLARED_SELECTOR = YES;
				GCC_WARN_UNINITIALIZED_AUTOS = YES_AGGRESSIVE;
				GCC_WARN_UNUSED_FUNCTION = YES;
				GCC_WARN_UNUSED_VARIABLE = YES;
				LOCALIZATION_PREFERS_STRING_CATALOGS = YES;
				MACOSX_DEPLOYMENT_TARGET = 14.5;
				MTL_ENABLE_DEBUG_INFO = NO;
				MTL_FAST_MATH = YES;
				SDKROOT = macosx;
				SWIFT_COMPILATION_MODE = wholemodule;
			};
			name = Release;
		};
		AABD7C9C2C127E6A0048F795 /* Debug */ = {
			isa = XCBuildConfiguration;
			buildSettings = {
				ASSETCATALOG_COMPILER_APPICON_NAME = AppIcon;
				ASSETCATALOG_COMPILER_GLOBAL_ACCENT_COLOR_NAME = AccentColor;
				CODE_SIGN_ENTITLEMENTS = TaskManager/TaskManager.entitlements;
				CODE_SIGN_STYLE = Automatic;
				COMBINE_HIDPI_IMAGES = YES;
				CURRENT_PROJECT_VERSION = 1;
				DEVELOPMENT_ASSET_PATHS = "\"TaskManager/Preview Content\"";
				DEVELOPMENT_TEAM = N6RF4M6NH8;
				ENABLE_HARDENED_RUNTIME = YES;
				ENABLE_PREVIEWS = YES;
				GENERATE_INFOPLIST_FILE = YES;
				INFOPLIST_KEY_NSHumanReadableCopyright = "";
				LD_RUNPATH_SEARCH_PATHS = (
					"$(inherited)",
					"@executable_path/../Frameworks",
				);
				MARKETING_VERSION = 1.0;
				PRODUCT_BUNDLE_IDENTIFIER = com.christianlavelle.TaskManager;
				PRODUCT_NAME = "$(TARGET_NAME)";
				SUPPORTED_PLATFORMS = "iphoneos iphonesimulator macosx";
				SUPPORTS_MACCATALYST = NO;
				SWIFT_EMIT_LOC_STRINGS = YES;
				SWIFT_VERSION = 5.0;
				TARGETED_DEVICE_FAMILY = 1;
			};
			name = Debug;
		};
		AABD7C9D2C127E6A0048F795 /* Release */ = {
			isa = XCBuildConfiguration;
			buildSettings = {
				ASSETCATALOG_COMPILER_APPICON_NAME = AppIcon;
				ASSETCATALOG_COMPILER_GLOBAL_ACCENT_COLOR_NAME = AccentColor;
				CODE_SIGN_ENTITLEMENTS = TaskManager/TaskManager.entitlements;
				CODE_SIGN_STYLE = Automatic;
				COMBINE_HIDPI_IMAGES = YES;
				CURRENT_PROJECT_VERSION = 1;
				DEVELOPMENT_ASSET_PATHS = "\"TaskManager/Preview Content\"";
				DEVELOPMENT_TEAM = N6RF4M6NH8;
				ENABLE_HARDENED_RUNTIME = YES;
				ENABLE_PREVIEWS = YES;
				GENERATE_INFOPLIST_FILE = YES;
				INFOPLIST_KEY_NSHumanReadableCopyright = "";
				LD_RUNPATH_SEARCH_PATHS = (
					"$(inherited)",
					"@executable_path/../Frameworks",
				);
				MARKETING_VERSION = 1.0;
				PRODUCT_BUNDLE_IDENTIFIER = com.christianlavelle.TaskManager;
				PRODUCT_NAME = "$(TARGET_NAME)";
				SUPPORTED_PLATFORMS = "iphoneos iphonesimulator macosx";
				SUPPORTS_MACCATALYST = NO;
				SWIFT_EMIT_LOC_STRINGS = YES;
				SWIFT_VERSION = 5.0;
				TARGETED_DEVICE_FAMILY = 1;
			};
			name = Release;
		};
		AABD7C9F2C127E6A0048F795 /* Debug */ = {
			isa = XCBuildConfiguration;
			buildSettings = {
				ALWAYS_EMBED_SWIFT_STANDARD_LIBRARIES = YES;
				BUNDLE_LOADER = "$(TEST_HOST)";
				CODE_SIGN_STYLE = Automatic;
				CURRENT_PROJECT_VERSION = 1;
				DEVELOPMENT_TEAM = N6RF4M6NH8;
				GENERATE_INFOPLIST_FILE = YES;
				MACOSX_DEPLOYMENT_TARGET = 14.5;
				MARKETING_VERSION = 1.0;
				PRODUCT_BUNDLE_IDENTIFIER = com.christianlavelle.TaskManagerTests;
				PRODUCT_NAME = "$(TARGET_NAME)";
				SWIFT_EMIT_LOC_STRINGS = NO;
				SWIFT_VERSION = 5.0;
				TEST_HOST = "$(BUILT_PRODUCTS_DIR)/TaskManager.app/$(BUNDLE_EXECUTABLE_FOLDER_PATH)/TaskManager";
			};
			name = Debug;
		};
		AABD7CA02C127E6A0048F795 /* Release */ = {
			isa = XCBuildConfiguration;
			buildSettings = {
				ALWAYS_EMBED_SWIFT_STANDARD_LIBRARIES = YES;
				BUNDLE_LOADER = "$(TEST_HOST)";
				CODE_SIGN_STYLE = Automatic;
				CURRENT_PROJECT_VERSION = 1;
				DEVELOPMENT_TEAM = N6RF4M6NH8;
				GENERATE_INFOPLIST_FILE = YES;
				MACOSX_DEPLOYMENT_TARGET = 14.5;
				MARKETING_VERSION = 1.0;
				PRODUCT_BUNDLE_IDENTIFIER = com.christianlavelle.TaskManagerTests;
				PRODUCT_NAME = "$(TARGET_NAME)";
				SWIFT_EMIT_LOC_STRINGS = NO;
				SWIFT_VERSION = 5.0;
				TEST_HOST = "$(BUILT_PRODUCTS_DIR)/TaskManager.app/$(BUNDLE_EXECUTABLE_FOLDER_PATH)/TaskManager";
			};
			name = Release;
		};
		AABD7CA22C127E6A0048F795 /* Debug */ = {
			isa = XCBuildConfiguration;
			buildSettings = {
				ALWAYS_EMBED_SWIFT_STANDARD_LIBRARIES = YES;
				CODE_SIGN_STYLE = Automatic;
				CURRENT_PROJECT_VERSION = 1;
				DEVELOPMENT_TEAM = N6RF4M6NH8;
				GENERATE_INFOPLIST_FILE = YES;
				MARKETING_VERSION = 1.0;
				PRODUCT_BUNDLE_IDENTIFIER = com.christianlavelle.TaskManagerUITests;
				PRODUCT_NAME = "$(TARGET_NAME)";
				SWIFT_EMIT_LOC_STRINGS = NO;
				SWIFT_VERSION = 5.0;
				TEST_TARGET_NAME = TaskManager;
			};
			name = Debug;
		};
		AABD7CA32C127E6A0048F795 /* Release */ = {
			isa = XCBuildConfiguration;
			buildSettings = {
				ALWAYS_EMBED_SWIFT_STANDARD_LIBRARIES = YES;
				CODE_SIGN_STYLE = Automatic;
				CURRENT_PROJECT_VERSION = 1;
				DEVELOPMENT_TEAM = N6RF4M6NH8;
				GENERATE_INFOPLIST_FILE = YES;
				MARKETING_VERSION = 1.0;
				PRODUCT_BUNDLE_IDENTIFIER = com.christianlavelle.TaskManagerUITests;
				PRODUCT_NAME = "$(TARGET_NAME)";
				SWIFT_EMIT_LOC_STRINGS = NO;
				SWIFT_VERSION = 5.0;
				TEST_TARGET_NAME = TaskManager;
			};
			name = Release;
		};
		AAFF52E32C206AB1008A303A /* Debug */ = {
			isa = XCBuildConfiguration;
			buildSettings = {
				ASSETCATALOG_COMPILER_APPICON_NAME = AppIcon;
				ASSETCATALOG_COMPILER_GLOBAL_ACCENT_COLOR_NAME = AccentColor;
				CODE_SIGN_STYLE = Automatic;
				CURRENT_PROJECT_VERSION = 1;
				DEVELOPMENT_ASSET_PATHS = "\"TaskManager-iOS/Preview Content\"";
				DEVELOPMENT_TEAM = N6RF4M6NH8;
				ENABLE_PREVIEWS = YES;
				GENERATE_INFOPLIST_FILE = YES;
				INFOPLIST_KEY_UIApplicationSceneManifest_Generation = YES;
				INFOPLIST_KEY_UIApplicationSupportsIndirectInputEvents = YES;
				INFOPLIST_KEY_UILaunchScreen_Generation = YES;
				INFOPLIST_KEY_UISupportedInterfaceOrientations_iPad = "UIInterfaceOrientationPortrait UIInterfaceOrientationPortraitUpsideDown UIInterfaceOrientationLandscapeLeft UIInterfaceOrientationLandscapeRight";
				INFOPLIST_KEY_UISupportedInterfaceOrientations_iPhone = "UIInterfaceOrientationPortrait UIInterfaceOrientationLandscapeLeft UIInterfaceOrientationLandscapeRight";
				IPHONEOS_DEPLOYMENT_TARGET = 17.5;
				LD_RUNPATH_SEARCH_PATHS = (
					"$(inherited)",
					"@executable_path/Frameworks",
				);
				MARKETING_VERSION = 1.0;
				PRODUCT_BUNDLE_IDENTIFIER = "com.christianlavelle.TaskManager-iOS";
				PRODUCT_NAME = "$(TARGET_NAME)";
				SDKROOT = iphoneos;
				SWIFT_EMIT_LOC_STRINGS = YES;
				SWIFT_VERSION = 5.0;
				TARGETED_DEVICE_FAMILY = "1,2";
			};
			name = Debug;
		};
		AAFF52E42C206AB1008A303A /* Release */ = {
			isa = XCBuildConfiguration;
			buildSettings = {
				ASSETCATALOG_COMPILER_APPICON_NAME = AppIcon;
				ASSETCATALOG_COMPILER_GLOBAL_ACCENT_COLOR_NAME = AccentColor;
				CODE_SIGN_STYLE = Automatic;
				CURRENT_PROJECT_VERSION = 1;
				DEVELOPMENT_ASSET_PATHS = "\"TaskManager-iOS/Preview Content\"";
				DEVELOPMENT_TEAM = N6RF4M6NH8;
				ENABLE_PREVIEWS = YES;
				GENERATE_INFOPLIST_FILE = YES;
				INFOPLIST_KEY_UIApplicationSceneManifest_Generation = YES;
				INFOPLIST_KEY_UIApplicationSupportsIndirectInputEvents = YES;
				INFOPLIST_KEY_UILaunchScreen_Generation = YES;
				INFOPLIST_KEY_UISupportedInterfaceOrientations_iPad = "UIInterfaceOrientationPortrait UIInterfaceOrientationPortraitUpsideDown UIInterfaceOrientationLandscapeLeft UIInterfaceOrientationLandscapeRight";
				INFOPLIST_KEY_UISupportedInterfaceOrientations_iPhone = "UIInterfaceOrientationPortrait UIInterfaceOrientationLandscapeLeft UIInterfaceOrientationLandscapeRight";
				IPHONEOS_DEPLOYMENT_TARGET = 17.5;
				LD_RUNPATH_SEARCH_PATHS = (
					"$(inherited)",
					"@executable_path/Frameworks",
				);
				MARKETING_VERSION = 1.0;
				PRODUCT_BUNDLE_IDENTIFIER = "com.christianlavelle.TaskManager-iOS";
				PRODUCT_NAME = "$(TARGET_NAME)";
				SDKROOT = iphoneos;
				SWIFT_EMIT_LOC_STRINGS = YES;
				SWIFT_VERSION = 5.0;
				TARGETED_DEVICE_FAMILY = "1,2";
				VALIDATE_PRODUCT = YES;
			};
			name = Release;
		};
		AAFF52E62C206AB1008A303A /* Debug */ = {
			isa = XCBuildConfiguration;
			buildSettings = {
				ALWAYS_EMBED_SWIFT_STANDARD_LIBRARIES = YES;
				BUNDLE_LOADER = "$(TEST_HOST)";
				CODE_SIGN_STYLE = Automatic;
				CURRENT_PROJECT_VERSION = 1;
				DEVELOPMENT_TEAM = N6RF4M6NH8;
				GENERATE_INFOPLIST_FILE = YES;
				IPHONEOS_DEPLOYMENT_TARGET = 17.5;
				MARKETING_VERSION = 1.0;
				PRODUCT_BUNDLE_IDENTIFIER = "com.christianlavelle.TaskManager-iOSTests";
				PRODUCT_NAME = "$(TARGET_NAME)";
				SDKROOT = iphoneos;
				SWIFT_EMIT_LOC_STRINGS = NO;
				SWIFT_VERSION = 5.0;
				TARGETED_DEVICE_FAMILY = "1,2";
				TEST_HOST = "$(BUILT_PRODUCTS_DIR)/TaskManager-iOS.app/$(BUNDLE_EXECUTABLE_FOLDER_PATH)/TaskManager-iOS";
			};
			name = Debug;
		};
		AAFF52E72C206AB1008A303A /* Release */ = {
			isa = XCBuildConfiguration;
			buildSettings = {
				ALWAYS_EMBED_SWIFT_STANDARD_LIBRARIES = YES;
				BUNDLE_LOADER = "$(TEST_HOST)";
				CODE_SIGN_STYLE = Automatic;
				CURRENT_PROJECT_VERSION = 1;
				DEVELOPMENT_TEAM = N6RF4M6NH8;
				GENERATE_INFOPLIST_FILE = YES;
				IPHONEOS_DEPLOYMENT_TARGET = 17.5;
				MARKETING_VERSION = 1.0;
				PRODUCT_BUNDLE_IDENTIFIER = "com.christianlavelle.TaskManager-iOSTests";
				PRODUCT_NAME = "$(TARGET_NAME)";
				SDKROOT = iphoneos;
				SWIFT_EMIT_LOC_STRINGS = NO;
				SWIFT_VERSION = 5.0;
				TARGETED_DEVICE_FAMILY = "1,2";
				TEST_HOST = "$(BUILT_PRODUCTS_DIR)/TaskManager-iOS.app/$(BUNDLE_EXECUTABLE_FOLDER_PATH)/TaskManager-iOS";
				VALIDATE_PRODUCT = YES;
			};
			name = Release;
		};
		AAFF52E92C206AB1008A303A /* Debug */ = {
			isa = XCBuildConfiguration;
			buildSettings = {
				ALWAYS_EMBED_SWIFT_STANDARD_LIBRARIES = YES;
				CODE_SIGN_STYLE = Automatic;
				CURRENT_PROJECT_VERSION = 1;
				DEVELOPMENT_TEAM = N6RF4M6NH8;
				GENERATE_INFOPLIST_FILE = YES;
				IPHONEOS_DEPLOYMENT_TARGET = 17.5;
				MARKETING_VERSION = 1.0;
				PRODUCT_BUNDLE_IDENTIFIER = "com.christianlavelle.TaskManager-iOSUITests";
				PRODUCT_NAME = "$(TARGET_NAME)";
				SDKROOT = iphoneos;
				SWIFT_EMIT_LOC_STRINGS = NO;
				SWIFT_VERSION = 5.0;
				TARGETED_DEVICE_FAMILY = "1,2";
				TEST_TARGET_NAME = "TaskManager-iOS";
			};
			name = Debug;
		};
		AAFF52EA2C206AB1008A303A /* Release */ = {
			isa = XCBuildConfiguration;
			buildSettings = {
				ALWAYS_EMBED_SWIFT_STANDARD_LIBRARIES = YES;
				CODE_SIGN_STYLE = Automatic;
				CURRENT_PROJECT_VERSION = 1;
				DEVELOPMENT_TEAM = N6RF4M6NH8;
				GENERATE_INFOPLIST_FILE = YES;
				IPHONEOS_DEPLOYMENT_TARGET = 17.5;
				MARKETING_VERSION = 1.0;
				PRODUCT_BUNDLE_IDENTIFIER = "com.christianlavelle.TaskManager-iOSUITests";
				PRODUCT_NAME = "$(TARGET_NAME)";
				SDKROOT = iphoneos;
				SWIFT_EMIT_LOC_STRINGS = NO;
				SWIFT_VERSION = 5.0;
				TARGETED_DEVICE_FAMILY = "1,2";
				TEST_TARGET_NAME = "TaskManager-iOS";
				VALIDATE_PRODUCT = YES;
			};
			name = Release;
		};
/* End XCBuildConfiguration section */

/* Begin XCConfigurationList section */
		AABD7C712C127E670048F795 /* Build configuration list for PBXProject "TaskManager" */ = {
			isa = XCConfigurationList;
			buildConfigurations = (
				AABD7C992C127E6A0048F795 /* Debug */,
				AABD7C9A2C127E6A0048F795 /* Release */,
			);
			defaultConfigurationIsVisible = 0;
			defaultConfigurationName = Release;
		};
		AABD7C9B2C127E6A0048F795 /* Build configuration list for PBXNativeTarget "TaskManager" */ = {
			isa = XCConfigurationList;
			buildConfigurations = (
				AABD7C9C2C127E6A0048F795 /* Debug */,
				AABD7C9D2C127E6A0048F795 /* Release */,
			);
			defaultConfigurationIsVisible = 0;
			defaultConfigurationName = Release;
		};
		AABD7C9E2C127E6A0048F795 /* Build configuration list for PBXNativeTarget "TaskManagerTests" */ = {
			isa = XCConfigurationList;
			buildConfigurations = (
				AABD7C9F2C127E6A0048F795 /* Debug */,
				AABD7CA02C127E6A0048F795 /* Release */,
			);
			defaultConfigurationIsVisible = 0;
			defaultConfigurationName = Release;
		};
		AABD7CA12C127E6A0048F795 /* Build configuration list for PBXNativeTarget "TaskManagerUITests" */ = {
			isa = XCConfigurationList;
			buildConfigurations = (
				AABD7CA22C127E6A0048F795 /* Debug */,
				AABD7CA32C127E6A0048F795 /* Release */,
			);
			defaultConfigurationIsVisible = 0;
			defaultConfigurationName = Release;
		};
		AAFF52E22C206AB1008A303A /* Build configuration list for PBXNativeTarget "TaskManager-iOS" */ = {
			isa = XCConfigurationList;
			buildConfigurations = (
				AAFF52E32C206AB1008A303A /* Debug */,
				AAFF52E42C206AB1008A303A /* Release */,
			);
			defaultConfigurationIsVisible = 0;
			defaultConfigurationName = Release;
		};
		AAFF52E52C206AB1008A303A /* Build configuration list for PBXNativeTarget "TaskManager-iOSTests" */ = {
			isa = XCConfigurationList;
			buildConfigurations = (
				AAFF52E62C206AB1008A303A /* Debug */,
				AAFF52E72C206AB1008A303A /* Release */,
			);
			defaultConfigurationIsVisible = 0;
			defaultConfigurationName = Release;
		};
		AAFF52E82C206AB1008A303A /* Build configuration list for PBXNativeTarget "TaskManager-iOSUITests" */ = {
			isa = XCConfigurationList;
			buildConfigurations = (
				AAFF52E92C206AB1008A303A /* Debug */,
				AAFF52EA2C206AB1008A303A /* Release */,
			);
			defaultConfigurationIsVisible = 0;
			defaultConfigurationName = Release;
		};
/* End XCConfigurationList section */
	};
	rootObject = AABD7C6E2C127E670048F795 /* Project object */;
}
